Microsoft Visual Studio Solution File, Format Version 10.00
# Visual Studio 2008
Project("{FAE04EC0-301F-11D3-BF4B-00C04F79EFBC}") = "GoldParser", "GoldParser.csproj", "{1A1A5AE9-7981-471C-9CC7-F7465E675A32}"
EndProject
Global
	GlobalSection(SolutionConfigurationPlatforms) = preSolution
		Debug|Any CPU = Debug|Any CPU
		Release|Any CPU = Release|Any CPU
	EndGlobalSection
	GlobalSection(ProjectConfigurationPlatforms) = postSolution
		{1A1A5AE9-7981-471C-9CC7-F7465E675A32}.Debug|Any CPU.ActiveCfg = Debug|Any CPU
		{1A1A5AE9-7981-471C-9CC7-F7465E675A32}.Debug|Any CPU.Build.0 = Debug|Any CPU
		{1A1A5AE9-7981-471C-9CC7-F7465E675A32}.Release|Any CPU.ActiveCfg = Release|Any CPU
		{1A1A5AE9-7981-471C-9CC7-F7465E675A32}.Release|Any CPU.Build.0 = Release|Any CPU
	EndGlobalSection
	GlobalSection(SolutionProperties) = preSolution
		HideSolutionNode = FALSE
	EndGlobalSection
EndGlobal
