
Microsoft Visual Studio Solution File, Format Version 11.00
Project("{2150E333-8FDC-42A3-9474-1A3956D46DE8}") = "Libraries", "Libraries", "{0850FA53-413E-4AF9-B918-8FF524FFA5D7}"
EndProject
Project("{FAE04EC0-301F-11D3-BF4B-00C04F79EFBC}") = "Pash.Microsoft.Commands.Management", "Pash.Microsoft.Commands.Management\Pash.Microsoft.Commands.Management.csproj", "{91225A72-A021-4B7D-BA56-5E1B7AC02F03}"
EndProject
Project("{FAE04EC0-301F-11D3-BF4B-00C04F79EFBC}") = "Pash.Microsoft.PowerShell.Commands.Utility", "Pash.Microsoft.PowerShell.Commands.Utility\Pash.Microsoft.PowerShell.Commands.Utility.csproj", "{0E1D573C-C57D-4A83-A739-3A38E719D87E}"
EndProject
Project("{FAE04EC0-301F-11D3-BF4B-00C04F79EFBC}") = "Pash.System.Management", "Pash.System.Management\Pash.System.Management.csproj", "{C5E303EC-5684-4C95-B0EC-2593E6662403}"
EndProject
Project("{FAE04EC0-301F-11D3-BF4B-00C04F79EFBC}") = "PashConsole", "PashConsole\PashConsole.csproj", "{BB348EAD-1713-4760-9953-BC721A203885}"
EndProject
Project("{FAE04EC0-301F-11D3-BF4B-00C04F79EFBC}") = "PashGui", "PashGui\PashGui.csproj", "{A7B03D7C-D239-4352-ACB8-5C7563F1D551}"
EndProject
Project("{FAE04EC0-301F-11D3-BF4B-00C04F79EFBC}") = "TestHost", "TestHost\TestHost.csproj", "{A5550FB3-553B-441E-8386-AD1EF5C31FAE}"
EndProject
Project("{FAE04EC0-301F-11D3-BF4B-00C04F79EFBC}") = "ParserTests", "ParserTests\ParserTests.csproj", "{7FDF583D-C91A-4284-B0A4-E25C96BBB828}"
EndProject
Project("{FAE04EC0-301F-11D3-BF4B-00C04F79EFBC}") = "010.Irony.2010", "..\Libraries\Irony\Irony\010.Irony.2010.csproj", "{D81F5C91-D7DB-46E5-BC99-49488FB6814C}"
EndProject
Project("{2150E333-8FDC-42A3-9474-1A3956D46DE8}") = "Solution Items", "Solution Items", "{FFF03D2F-1256-443B-BE78-524EF43AC734}"
	ProjectSection(SolutionItems) = preProject
		..\.travis.yml = ..\.travis.yml
		..\CONTRIBUTING.md = ..\CONTRIBUTING.md
		..\LICENSE-BSD = ..\LICENSE-BSD
		..\LICENSE-GPL = ..\LICENSE-GPL
		..\Pash.nunit = ..\Pash.nunit
		..\README.md = ..\README.md
	EndProjectSection
EndProject
Project("{FAE04EC0-301F-11D3-BF4B-00C04F79EFBC}") = "Libraries.Tests", "..\Libraries\Libraries.Tests\Libraries.Tests.csproj", "{5606175C-6EE1-439A-ADB4-92BB58563EDD}"
EndProject
Global
	GlobalSection(SolutionConfigurationPlatforms) = preSolution
		Debug|Any CPU = Debug|Any CPU
		Release|Any CPU = Release|Any CPU
	EndGlobalSection
	GlobalSection(ProjectConfigurationPlatforms) = postSolution
		{91225A72-A021-4B7D-BA56-5E1B7AC02F03}.Debug|Any CPU.ActiveCfg = Debug|Any CPU
		{91225A72-A021-4B7D-BA56-5E1B7AC02F03}.Debug|Any CPU.Build.0 = Debug|Any CPU
		{91225A72-A021-4B7D-BA56-5E1B7AC02F03}.Release|Any CPU.ActiveCfg = Release|Any CPU
		{91225A72-A021-4B7D-BA56-5E1B7AC02F03}.Release|Any CPU.Build.0 = Release|Any CPU
		{0E1D573C-C57D-4A83-A739-3A38E719D87E}.Debug|Any CPU.ActiveCfg = Debug|Any CPU
		{0E1D573C-C57D-4A83-A739-3A38E719D87E}.Debug|Any CPU.Build.0 = Debug|Any CPU
		{0E1D573C-C57D-4A83-A739-3A38E719D87E}.Release|Any CPU.ActiveCfg = Release|Any CPU
		{0E1D573C-C57D-4A83-A739-3A38E719D87E}.Release|Any CPU.Build.0 = Release|Any CPU
		{C5E303EC-5684-4C95-B0EC-2593E6662403}.Debug|Any CPU.ActiveCfg = Debug|Any CPU
		{C5E303EC-5684-4C95-B0EC-2593E6662403}.Debug|Any CPU.Build.0 = Debug|Any CPU
		{C5E303EC-5684-4C95-B0EC-2593E6662403}.Release|Any CPU.ActiveCfg = Release|Any CPU
		{C5E303EC-5684-4C95-B0EC-2593E6662403}.Release|Any CPU.Build.0 = Release|Any CPU
		{BB348EAD-1713-4760-9953-BC721A203885}.Debug|Any CPU.ActiveCfg = Debug|Any CPU
		{BB348EAD-1713-4760-9953-BC721A203885}.Debug|Any CPU.Build.0 = Debug|Any CPU
		{BB348EAD-1713-4760-9953-BC721A203885}.Release|Any CPU.ActiveCfg = Release|Any CPU
		{BB348EAD-1713-4760-9953-BC721A203885}.Release|Any CPU.Build.0 = Release|Any CPU
		{A7B03D7C-D239-4352-ACB8-5C7563F1D551}.Debug|Any CPU.ActiveCfg = Debug|Any CPU
		{A7B03D7C-D239-4352-ACB8-5C7563F1D551}.Debug|Any CPU.Build.0 = Debug|Any CPU
		{A7B03D7C-D239-4352-ACB8-5C7563F1D551}.Release|Any CPU.ActiveCfg = Release|Any CPU
		{A7B03D7C-D239-4352-ACB8-5C7563F1D551}.Release|Any CPU.Build.0 = Release|Any CPU
		{A5550FB3-553B-441E-8386-AD1EF5C31FAE}.Debug|Any CPU.ActiveCfg = Debug|Any CPU
		{A5550FB3-553B-441E-8386-AD1EF5C31FAE}.Debug|Any CPU.Build.0 = Debug|Any CPU
		{A5550FB3-553B-441E-8386-AD1EF5C31FAE}.Release|Any CPU.ActiveCfg = Release|Any CPU
		{A5550FB3-553B-441E-8386-AD1EF5C31FAE}.Release|Any CPU.Build.0 = Release|Any CPU
		{7FDF583D-C91A-4284-B0A4-E25C96BBB828}.Debug|Any CPU.ActiveCfg = Debug|Any CPU
		{7FDF583D-C91A-4284-B0A4-E25C96BBB828}.Debug|Any CPU.Build.0 = Debug|Any CPU
		{7FDF583D-C91A-4284-B0A4-E25C96BBB828}.Release|Any CPU.ActiveCfg = Release|Any CPU
		{7FDF583D-C91A-4284-B0A4-E25C96BBB828}.Release|Any CPU.Build.0 = Release|Any CPU
		{D81F5C91-D7DB-46E5-BC99-49488FB6814C}.Debug|Any CPU.ActiveCfg = Debug|Any CPU
		{D81F5C91-D7DB-46E5-BC99-49488FB6814C}.Debug|Any CPU.Build.0 = Debug|Any CPU
		{D81F5C91-D7DB-46E5-BC99-49488FB6814C}.Release|Any CPU.ActiveCfg = Release|Any CPU
		{D81F5C91-D7DB-46E5-BC99-49488FB6814C}.Release|Any CPU.Build.0 = Release|Any CPU
		{5606175C-6EE1-439A-ADB4-92BB58563EDD}.Debug|Any CPU.ActiveCfg = Debug|Any CPU
		{5606175C-6EE1-439A-ADB4-92BB58563EDD}.Debug|Any CPU.Build.0 = Debug|Any CPU
		{5606175C-6EE1-439A-ADB4-92BB58563EDD}.Release|Any CPU.ActiveCfg = Release|Any CPU
		{5606175C-6EE1-439A-ADB4-92BB58563EDD}.Release|Any CPU.Build.0 = Release|Any CPU
	EndGlobalSection
	GlobalSection(SolutionProperties) = preSolution
		HideSolutionNode = FALSE
	EndGlobalSection
	GlobalSection(NestedProjects) = preSolution
		{D81F5C91-D7DB-46E5-BC99-49488FB6814C} = {0850FA53-413E-4AF9-B918-8FF524FFA5D7}
		{5606175C-6EE1-439A-ADB4-92BB58563EDD} = {0850FA53-413E-4AF9-B918-8FF524FFA5D7}
	EndGlobalSection
	GlobalSection(MonoDevelopProperties) = preSolution
		StartupItem = PashGui\PashGui.csproj
		Policies = $0
		$0.TextStylePolicy = $3
		$1.inheritsSet = null
		$1.scope = text/x-csharp
		$0.CSharpFormattingPolicy = $2
		$2.IndentSwitchBody = True
		$2.AnonymousMethodBraceStyle = NextLine
		$2.PropertyBraceStyle = NextLine
		$2.PropertyGetBraceStyle = NextLine
		$2.PropertySetBraceStyle = NextLine
		$2.EventBraceStyle = NextLine
		$2.EventAddBraceStyle = NextLine
		$2.EventRemoveBraceStyle = NextLine
		$2.StatementBraceStyle = NextLine
		$2.ElseNewLinePlacement = NewLine
		$2.CatchNewLinePlacement = NewLine
		$2.FinallyNewLinePlacement = NewLine
		$2.ArrayInitializerBraceStyle = NextLine
		$2.BeforeMethodDeclarationParentheses = False
		$2.BeforeMethodCallParentheses = False
		$2.BeforeConstructorDeclarationParentheses = False
		$2.BeforeDelegateDeclarationParentheses = False
		$2.NewParentheses = False
		$2.inheritsSet = Mono
		$2.inheritsScope = text/x-csharp
		$2.scope = text/x-csharp
		$3.inheritsSet = VisualStudio
		$3.inheritsScope = text/plain
		$3.scope = text/plain
		{F125870F-2B9E-49A8-82FE-6B67A766AA1F}.Debug|Any CPU.ActiveCfg = Debug|Any CPU
		{F125870F-2B9E-49A8-82FE-6B67A766AA1F}.Debug|Any CPU.Build.0 = Debug|Any CPU
		{F125870F-2B9E-49A8-82FE-6B67A766AA1F}.Release|Any CPU.ActiveCfg = Release|Any CPU
		{F125870F-2B9E-49A8-82FE-6B67A766AA1F}.Release|Any CPU.Build.0 = Release|Any CPU
	EndGlobalSection
EndGlobal
